# This file is automatically @generated by Poetry 1.7.1 and should not be changed by hand.

[[package]]
name = "elementpath"
version = "4.6.0"
description = "XPath 1.0/2.0/3.0/3.1 parsers and selectors for ElementTree and lxml"
optional = false
python-versions = ">=3.8"
files = [
    {file = "elementpath-4.6.0-py3-none-any.whl", hash = "sha256:e578677f19ccc6ff374c4477c687c547ecbaf7b478d98abb951b7b4b45260a17"},
    {file = "elementpath-4.6.0.tar.gz", hash = "sha256:ba46bf07f66774927727ade55022b6c435fac06b2523cb3cd7689a1884d33468"},
]

[package.extras]
dev = ["Sphinx", "coverage", "flake8", "lxml", "lxml-stubs", "memory-profiler", "memray", "mypy", "tox", "xmlschema (>=3.3.2)"]

[[package]]
name = "flake8"
version = "7.1.1"
description = "the modular source code checker: pep8 pyflakes and co"
optional = false
python-versions = ">=3.8.1"
files = [
    {file = "flake8-7.1.1-py2.py3-none-any.whl", hash = "sha256:597477df7860daa5aa0fdd84bf5208a043ab96b8e96ab708770ae0364dd03213"},
    {file = "flake8-7.1.1.tar.gz", hash = "sha256:049d058491e228e03e67b390f311bbf88fce2dbaa8fa673e7aea87b7198b8d38"},
]

[package.dependencies]
mccabe = ">=0.7.0,<0.8.0"
pycodestyle = ">=2.12.0,<2.13.0"
pyflakes = ">=3.2.0,<3.3.0"

[[package]]
name = "mccabe"
version = "0.7.0"
description = "McCabe checker, plugin for flake8"
optional = false
python-versions = ">=3.6"
files = [
    {file = "mccabe-0.7.0-py2.py3-none-any.whl", hash = "sha256:6c2d30ab6be0e4a46919781807b4f0d834ebdd6c6e3dca0bda5a15f863427b6e"},
    {file = "mccabe-0.7.0.tar.gz", hash = "sha256:348e0240c33b60bbdf4e523192ef919f28cb2c3d7d5c7794f74009290f236325"},
]

[[package]]
name = "pycodestyle"
version = "2.12.1"
description = "Python style guide checker"
optional = false
python-versions = ">=3.8"
files = [
    {file = "pycodestyle-2.12.1-py2.py3-none-any.whl", hash = "sha256:46f0fb92069a7c28ab7bb558f05bfc0110dac69a0cd23c61ea0040283a9d78b3"},
    {file = "pycodestyle-2.12.1.tar.gz", hash = "sha256:6838eae08bbce4f6accd5d5572075c63626a15ee3e6f842df996bf62f6d73521"},
]

[[package]]
name = "pydocstyle"
version = "6.3.0"
description = "Python docstring style checker"
optional = false
python-versions = ">=3.6"
files = [
    {file = "pydocstyle-6.3.0-py3-none-any.whl", hash = "sha256:118762d452a49d6b05e194ef344a55822987a462831ade91ec5c06fd2169d019"},
    {file = "pydocstyle-6.3.0.tar.gz", hash = "sha256:7ce43f0c0ac87b07494eb9c0b462c0b73e6ff276807f204d6b53edc72b7e44e1"},
]

[package.dependencies]
snowballstemmer = ">=2.2.0"

[package.extras]
toml = ["tomli (>=1.2.3)"]

[[package]]
name = "pyflakes"
version = "3.2.0"
description = "passive checker of Python programs"
optional = false
python-versions = ">=3.8"
files = [
    {file = "pyflakes-3.2.0-py2.py3-none-any.whl", hash = "sha256:84b5be138a2dfbb40689ca07e2152deb896a65c3a3e24c251c5c62489568074a"},
    {file = "pyflakes-3.2.0.tar.gz", hash = "sha256:1c61603ff154621fb2a9172037d84dca3500def8c8b630657d1701f026f8af3f"},
]

[[package]]
name = "snowballstemmer"
version = "2.2.0"
description = "This package provides 29 stemmers for 28 languages generated from Snowball algorithms."
optional = false
python-versions = "*"
files = [
    {file = "snowballstemmer-2.2.0-py2.py3-none-any.whl", hash = "sha256:c8e1716e83cc398ae16824e5572ae04e0d9fc2c6b985fb0f900f5f0c96ecba1a"},
    {file = "snowballstemmer-2.2.0.tar.gz", hash = "sha256:09b16deb8547d3412ad7b590689584cd0fe25ec8db3be37788be3810cbf19cb1"},
]

[[package]]
name = "xmlschema"
version = "3.4.3"
description = "An XML Schema validator and decoder"
optional = false
python-versions = ">=3.8"
files = [
    {file = "xmlschema-3.4.3-py3-none-any.whl", hash = "sha256:eea4e5a1aac041b546ebe7b2eb68eb5eaebf5c5258e573cfc182375676b2e4e3"},
    {file = "xmlschema-3.4.3.tar.gz", hash = "sha256:0c638dac81c7d6c9da9a8d7544402c48cffe7ee0e13cc47fc0c18794d1395dfb"},
]

[package.dependencies]
elementpath = ">=4.4.0,<5.0.0"

[package.extras]
codegen = ["elementpath (>=4.4.0,<5.0.0)", "jinja2"]
dev = ["Sphinx", "coverage", "elementpath (>=4.4.0,<5.0.0)", "flake8", "jinja2", "lxml", "lxml-stubs", "memory-profiler", "mypy", "sphinx-rtd-theme", "tox"]
docs = ["Sphinx", "elementpath (>=4.4.0,<5.0.0)", "jinja2", "sphinx-rtd-theme"]

[metadata]
lock-version = "2.0"
python-versions = "^3.11.7"
content-hash = "5981586f9fac9dc4bcdf4c0e7c012398330a694914b11cbdba89b333e5fc9148"
