version = 1
revision = 2
requires-python = ">=3.13"

[[package]]
name = "charset-normalizer"
version = "3.4.4"
source = { registry = "https://pypi.org/simple" }
sdist = { url = "https://files.pythonhosted.org/packages/13/69/33ddede1939fdd074bce5434295f38fae7136463422fe4fd3e0e89b98062/charset_normalizer-3.4.4.tar.gz", hash = "sha256:94537985111c35f28720e43603b8e7b43a6ecfb2ce1d3058bbe955b73404e21a", size = 129418, upload-time = "2025-10-14T04:42:32.879Z" }
wheels = [
    { url = "https://files.pythonhosted.org/packages/97/45/4b3a1239bbacd321068ea6e7ac28875b03ab8bc0aa0966452db17cd36714/charset_normalizer-3.4.4-cp313-cp313-macosx_10_13_universal2.whl", hash = "sha256:e1f185f86a6f3403aa2420e815904c67b2f9ebc443f045edd0de921108345794", size = 208091, upload-time = "2025-10-14T04:41:13.346Z" },
    { url = "https://files.pythonhosted.org/packages/7d/62/73a6d7450829655a35bb88a88fca7d736f9882a27eacdca2c6d505b57e2e/charset_normalizer-3.4.4-cp313-cp313-manylinux2014_aarch64.manylinux_2_17_aarch64.manylinux_2_28_aarch64.whl", hash = "sha256:6b39f987ae8ccdf0d2642338faf2abb1862340facc796048b604ef14919e55ed", size = 147936, upload-time = "2025-10-14T04:41:14.461Z" },
    { url = "https://files.pythonhosted.org/packages/89/c5/adb8c8b3d6625bef6d88b251bbb0d95f8205831b987631ab0c8bb5d937c2/charset_normalizer-3.4.4-cp313-cp313-manylinux2014_armv7l.manylinux_2_17_armv7l.manylinux_2_31_armv7l.whl", hash = "sha256:3162d5d8ce1bb98dd51af660f2121c55d0fa541b46dff7bb9b9f86ea1d87de72", size = 144180, upload-time = "2025-10-14T04:41:15.588Z" },
    { url = "https://files.pythonhosted.org/packages/91/ed/9706e4070682d1cc219050b6048bfd293ccf67b3d4f5a4f39207453d4b99/charset_normalizer-3.4.4-cp313-cp313-manylinux2014_ppc64le.manylinux_2_17_ppc64le.manylinux_2_28_ppc64le.whl", hash = "sha256:81d5eb2a312700f4ecaa977a8235b634ce853200e828fbadf3a9c50bab278328", size = 161346, upload-time = "2025-10-14T04:41:16.738Z" },
    { url = "https://files.pythonhosted.org/packages/d5/0d/031f0d95e4972901a2f6f09ef055751805ff541511dc1252ba3ca1f80cf5/charset_normalizer-3.4.4-cp313-cp313-manylinux2014_s390x.manylinux_2_17_s390x.manylinux_2_28_s390x.whl", hash = "sha256:5bd2293095d766545ec1a8f612559f6b40abc0eb18bb2f5d1171872d34036ede", size = 158874, upload-time = "2025-10-14T04:41:17.923Z" },
    { url = "https://files.pythonhosted.org/packages/f5/83/6ab5883f57c9c801ce5e5677242328aa45592be8a00644310a008d04f922/charset_normalizer-3.4.4-cp313-cp313-manylinux2014_x86_64.manylinux_2_17_x86_64.manylinux_2_28_x86_64.whl", hash = "sha256:a8a8b89589086a25749f471e6a900d3f662d1d3b6e2e59dcecf787b1cc3a1894", size = 153076, upload-time = "2025-10-14T04:41:19.106Z" },
    { url = "https://files.pythonhosted.org/packages/75/1e/5ff781ddf5260e387d6419959ee89ef13878229732732ee73cdae01800f2/charset_normalizer-3.4.4-cp313-cp313-manylinux_2_31_riscv64.manylinux_2_39_riscv64.whl", hash = "sha256:bc7637e2f80d8530ee4a78e878bce464f70087ce73cf7c1caf142416923b98f1", size = 150601, upload-time = "2025-10-14T04:41:20.245Z" },
    { url = "https://files.pythonhosted.org/packages/d7/57/71be810965493d3510a6ca79b90c19e48696fb1ff964da319334b12677f0/charset_normalizer-3.4.4-cp313-cp313-musllinux_1_2_aarch64.whl", hash = "sha256:f8bf04158c6b607d747e93949aa60618b61312fe647a6369f88ce2ff16043490", size = 150376, upload-time = "2025-10-14T04:41:21.398Z" },
    { url = "https://files.pythonhosted.org/packages/e5/d5/c3d057a78c181d007014feb7e9f2e65905a6c4ef182c0ddf0de2924edd65/charset_normalizer-3.4.4-cp313-cp313-musllinux_1_2_armv7l.whl", hash = "sha256:554af85e960429cf30784dd47447d5125aaa3b99a6f0683589dbd27e2f45da44", size = 144825, upload-time = "2025-10-14T04:41:22.583Z" },
    { url = "https://files.pythonhosted.org/packages/e6/8c/d0406294828d4976f275ffbe66f00266c4b3136b7506941d87c00cab5272/charset_normalizer-3.4.4-cp313-cp313-musllinux_1_2_ppc64le.whl", hash = "sha256:74018750915ee7ad843a774364e13a3db91682f26142baddf775342c3f5b1133", size = 162583, upload-time = "2025-10-14T04:41:23.754Z" },
    { url = "https://files.pythonhosted.org/packages/d7/24/e2aa1f18c8f15c4c0e932d9287b8609dd30ad56dbe41d926bd846e22fb8d/charset_normalizer-3.4.4-cp313-cp313-musllinux_1_2_riscv64.whl", hash = "sha256:c0463276121fdee9c49b98908b3a89c39be45d86d1dbaa22957e38f6321d4ce3", size = 150366, upload-time = "2025-10-14T04:41:25.27Z" },
    { url = "https://files.pythonhosted.org/packages/e4/5b/1e6160c7739aad1e2df054300cc618b06bf784a7a164b0f238360721ab86/charset_normalizer-3.4.4-cp313-cp313-musllinux_1_2_s390x.whl", hash = "sha256:362d61fd13843997c1c446760ef36f240cf81d3ebf74ac62652aebaf7838561e", size = 160300, upload-time = "2025-10-14T04:41:26.725Z" },
    { url = "https://files.pythonhosted.org/packages/7a/10/f882167cd207fbdd743e55534d5d9620e095089d176d55cb22d5322f2afd/charset_normalizer-3.4.4-cp313-cp313-musllinux_1_2_x86_64.whl", hash = "sha256:9a26f18905b8dd5d685d6d07b0cdf98a79f3c7a918906af7cc143ea2e164c8bc", size = 154465, upload-time = "2025-10-14T04:41:28.322Z" },
    { url = "https://files.pythonhosted.org/packages/89/66/c7a9e1b7429be72123441bfdbaf2bc13faab3f90b933f664db506dea5915/charset_normalizer-3.4.4-cp313-cp313-win32.whl", hash = "sha256:9b35f4c90079ff2e2edc5b26c0c77925e5d2d255c42c74fdb70fb49b172726ac", size = 99404, upload-time = "2025-10-14T04:41:29.95Z" },
    { url = "https://files.pythonhosted.org/packages/c4/26/b9924fa27db384bdcd97ab83b4f0a8058d96ad9626ead570674d5e737d90/charset_normalizer-3.4.4-cp313-cp313-win_amd64.whl", hash = "sha256:b435cba5f4f750aa6c0a0d92c541fb79f69a387c91e61f1795227e4ed9cece14", size = 107092, upload-time = "2025-10-14T04:41:31.188Z" },
    { url = "https://files.pythonhosted.org/packages/af/8f/3ed4bfa0c0c72a7ca17f0380cd9e4dd842b09f664e780c13cff1dcf2ef1b/charset_normalizer-3.4.4-cp313-cp313-win_arm64.whl", hash = "sha256:542d2cee80be6f80247095cc36c418f7bddd14f4a6de45af91dfad36d817bba2", size = 100408, upload-time = "2025-10-14T04:41:32.624Z" },
    { url = "https://files.pythonhosted.org/packages/2a/35/7051599bd493e62411d6ede36fd5af83a38f37c4767b92884df7301db25d/charset_normalizer-3.4.4-cp314-cp314-macosx_10_13_universal2.whl", hash = "sha256:da3326d9e65ef63a817ecbcc0df6e94463713b754fe293eaa03da99befb9a5bd", size = 207746, upload-time = "2025-10-14T04:41:33.773Z" },
    { url = "https://files.pythonhosted.org/packages/10/9a/97c8d48ef10d6cd4fcead2415523221624bf58bcf68a802721a6bc807c8f/charset_normalizer-3.4.4-cp314-cp314-manylinux2014_aarch64.manylinux_2_17_aarch64.manylinux_2_28_aarch64.whl", hash = "sha256:8af65f14dc14a79b924524b1e7fffe304517b2bff5a58bf64f30b98bbc5079eb", size = 147889, upload-time = "2025-10-14T04:41:34.897Z" },
    { url = "https://files.pythonhosted.org/packages/10/bf/979224a919a1b606c82bd2c5fa49b5c6d5727aa47b4312bb27b1734f53cd/charset_normalizer-3.4.4-cp314-cp314-manylinux2014_armv7l.manylinux_2_17_armv7l.manylinux_2_31_armv7l.whl", hash = "sha256:74664978bb272435107de04e36db5a9735e78232b85b77d45cfb38f758efd33e", size = 143641, upload-time = "2025-10-14T04:41:36.116Z" },
    { url = "https://files.pythonhosted.org/packages/ba/33/0ad65587441fc730dc7bd90e9716b30b4702dc7b617e6ba4997dc8651495/charset_normalizer-3.4.4-cp314-cp314-manylinux2014_ppc64le.manylinux_2_17_ppc64le.manylinux_2_28_ppc64le.whl", hash = "sha256:752944c7ffbfdd10c074dc58ec2d5a8a4cd9493b314d367c14d24c17684ddd14", size = 160779, upload-time = "2025-10-14T04:41:37.229Z" },
    { url = "https://files.pythonhosted.org/packages/67/ed/331d6b249259ee71ddea93f6f2f0a56cfebd46938bde6fcc6f7b9a3d0e09/charset_normalizer-3.4.4-cp314-cp314-manylinux2014_s390x.manylinux_2_17_s390x.manylinux_2_28_s390x.whl", hash = "sha256:d1f13550535ad8cff21b8d757a3257963e951d96e20ec82ab44bc64aeb62a191", size = 159035, upload-time = "2025-10-14T04:41:38.368Z" },
    { url = "https://files.pythonhosted.org/packages/67/ff/f6b948ca32e4f2a4576aa129d8bed61f2e0543bf9f5f2b7fc3758ed005c9/charset_normalizer-3.4.4-cp314-cp314-manylinux2014_x86_64.manylinux_2_17_x86_64.manylinux_2_28_x86_64.whl", hash = "sha256:ecaae4149d99b1c9e7b88bb03e3221956f68fd6d50be2ef061b2381b61d20838", size = 152542, upload-time = "2025-10-14T04:41:39.862Z" },
    { url = "https://files.pythonhosted.org/packages/16/85/276033dcbcc369eb176594de22728541a925b2632f9716428c851b149e83/charset_normalizer-3.4.4-cp314-cp314-manylinux_2_31_riscv64.manylinux_2_39_riscv64.whl", hash = "sha256:cb6254dc36b47a990e59e1068afacdcd02958bdcce30bb50cc1700a8b9d624a6", size = 149524, upload-time = "2025-10-14T04:41:41.319Z" },
    { url = "https://files.pythonhosted.org/packages/9e/f2/6a2a1f722b6aba37050e626530a46a68f74e63683947a8acff92569f979a/charset_normalizer-3.4.4-cp314-cp314-musllinux_1_2_aarch64.whl", hash = "sha256:c8ae8a0f02f57a6e61203a31428fa1d677cbe50c93622b4149d5c0f319c1d19e", size = 150395, upload-time = "2025-10-14T04:41:42.539Z" },
    { url = "https://files.pythonhosted.org/packages/60/bb/2186cb2f2bbaea6338cad15ce23a67f9b0672929744381e28b0592676824/charset_normalizer-3.4.4-cp314-cp314-musllinux_1_2_armv7l.whl", hash = "sha256:47cc91b2f4dd2833fddaedd2893006b0106129d4b94fdb6af1f4ce5a9965577c", size = 143680, upload-time = "2025-10-14T04:41:43.661Z" },
    { url = "https://files.pythonhosted.org/packages/7d/a5/bf6f13b772fbb2a90360eb620d52ed8f796f3c5caee8398c3b2eb7b1c60d/charset_normalizer-3.4.4-cp314-cp314-musllinux_1_2_ppc64le.whl", hash = "sha256:82004af6c302b5d3ab2cfc4cc5f29db16123b1a8417f2e25f9066f91d4411090", size = 162045, upload-time = "2025-10-14T04:41:44.821Z" },
    { url = "https://files.pythonhosted.org/packages/df/c5/d1be898bf0dc3ef9030c3825e5d3b83f2c528d207d246cbabe245966808d/charset_normalizer-3.4.4-cp314-cp314-musllinux_1_2_riscv64.whl", hash = "sha256:2b7d8f6c26245217bd2ad053761201e9f9680f8ce52f0fcd8d0755aeae5b2152", size = 149687, upload-time = "2025-10-14T04:41:46.442Z" },
    { url = "https://files.pythonhosted.org/packages/a5/42/90c1f7b9341eef50c8a1cb3f098ac43b0508413f33affd762855f67a410e/charset_normalizer-3.4.4-cp314-cp314-musllinux_1_2_s390x.whl", hash = "sha256:799a7a5e4fb2d5898c60b640fd4981d6a25f1c11790935a44ce38c54e985f828", size = 160014, upload-time = "2025-10-14T04:41:47.631Z" },
    { url = "https://files.pythonhosted.org/packages/76/be/4d3ee471e8145d12795ab655ece37baed0929462a86e72372fd25859047c/charset_normalizer-3.4.4-cp314-cp314-musllinux_1_2_x86_64.whl", hash = "sha256:99ae2cffebb06e6c22bdc25801d7b30f503cc87dbd283479e7b606f70aff57ec", size = 154044, upload-time = "2025-10-14T04:41:48.81Z" },
    { url = "https://files.pythonhosted.org/packages/b0/6f/8f7af07237c34a1defe7defc565a9bc1807762f672c0fde711a4b22bf9c0/charset_normalizer-3.4.4-cp314-cp314-win32.whl", hash = "sha256:f9d332f8c2a2fcbffe1378594431458ddbef721c1769d78e2cbc06280d8155f9", size = 99940, upload-time = "2025-10-14T04:41:49.946Z" },
    { url = "https://files.pythonhosted.org/packages/4b/51/8ade005e5ca5b0d80fb4aff72a3775b325bdc3d27408c8113811a7cbe640/charset_normalizer-3.4.4-cp314-cp314-win_amd64.whl", hash = "sha256:8a6562c3700cce886c5be75ade4a5db4214fda19fede41d9792d100288d8f94c", size = 107104, upload-time = "2025-10-14T04:41:51.051Z" },
    { url = "https://files.pythonhosted.org/packages/da/5f/6b8f83a55bb8278772c5ae54a577f3099025f9ade59d0136ac24a0df4bde/charset_normalizer-3.4.4-cp314-cp314-win_arm64.whl", hash = "sha256:de00632ca48df9daf77a2c65a484531649261ec9f25489917f09e455cb09ddb2", size = 100743, upload-time = "2025-10-14T04:41:52.122Z" },
    { url = "https://files.pythonhosted.org/packages/0a/4c/925909008ed5a988ccbb72dcc897407e5d6d3bd72410d69e051fc0c14647/charset_normalizer-3.4.4-py3-none-any.whl", hash = "sha256:7a32c560861a02ff789ad905a2fe94e3f840803362c84fecf1851cb4cf3dc37f", size = 53402, upload-time = "2025-10-14T04:42:31.76Z" },
]

[[package]]
name = "coverage"
version = "7.9.0"
source = { registry = "https://pypi.org/simple" }
sdist = { url = "https://files.pythonhosted.org/packages/06/d1/7b18a2e0d2994e4e108dadf16580ec192e0a9c65f7456ccb82ced059f9bf/coverage-7.9.0.tar.gz", hash = "sha256:1a93b43de2233a7670a8bf2520fed8ebd5eea6a65b47417500a9d882b0533fa2", size = 813385, upload-time = "2025-06-11T23:23:34.004Z" }
wheels = [
    { url = "https://files.pythonhosted.org/packages/0b/59/449eb05f795d0050007b57a4efee79b540fa6fcccad813a191351964a001/coverage-7.9.0-cp313-cp313-macosx_10_13_x86_64.whl", hash = "sha256:122c60e92ab66c9c88e17565f67a91b3b3be5617cb50f73cfd34a4c60ed4aab0", size = 212271, upload-time = "2025-06-11T23:22:38.305Z" },
    { url = "https://files.pythonhosted.org/packages/e0/3b/26852a4fb719a6007b0169c1b52116ed14b61267f0bf3ba1e23db516f352/coverage-7.9.0-cp313-cp313-macosx_11_0_arm64.whl", hash = "sha256:813c11b367a6b3cf37212ec36b230f8d086c22b69dbf62877b40939fb2c79e74", size = 212538, upload-time = "2025-06-11T23:22:39.665Z" },
    { url = "https://files.pythonhosted.org/packages/f6/80/99f82896119f36984a5b9189e71c7310fc036613276560b5884b5ee890d7/coverage-7.9.0-cp313-cp313-manylinux_2_17_aarch64.manylinux2014_aarch64.whl", hash = "sha256:3f05e0f5e87f23d43fefe49e86655c6209dd4f9f034786b983e6803cf4554183", size = 245705, upload-time = "2025-06-11T23:22:41.103Z" },
    { url = "https://files.pythonhosted.org/packages/a9/29/0b007deb096dd527c42e933129a8e4d5f9f1026f4953979c3a1e60e7ea9f/coverage-7.9.0-cp313-cp313-manylinux_2_5_i686.manylinux1_i686.manylinux_2_17_i686.manylinux2014_i686.whl", hash = "sha256:62f465886fa4f86d5515da525aead97c5dff13a5cf997fc4c5097a1a59e063b2", size = 242918, upload-time = "2025-06-11T23:22:42.88Z" },
    { url = "https://files.pythonhosted.org/packages/6f/eb/273855b57c7fb387dd9787f250b8b333ba8c1c100877c21e32eb1b24ff29/coverage-7.9.0-cp313-cp313-manylinux_2_5_x86_64.manylinux1_x86_64.manylinux_2_17_x86_64.manylinux2014_x86_64.whl", hash = "sha256:549ea4ca901595bbe3270e1afdef98bf5d4d5791596efbdc90b00449a2bb1f91", size = 244902, upload-time = "2025-06-11T23:22:44.563Z" },
    { url = "https://files.pythonhosted.org/packages/20/57/4e411b47dbfd831538ecf9e5f407e42888b0c56aedbfe0ea7b102a787559/coverage-7.9.0-cp313-cp313-musllinux_1_2_aarch64.whl", hash = "sha256:8cae1d4450945c74a6a65a09864ed3eaa917055cf70aa65f83ac1b9b0d8d5f9a", size = 245069, upload-time = "2025-06-11T23:22:46.352Z" },
    { url = "https://files.pythonhosted.org/packages/91/75/b24cf5703fb325fc4b1899d89984dac117b99e757b9fadd525cad7ecc020/coverage-7.9.0-cp313-cp313-musllinux_1_2_i686.whl", hash = "sha256:d7b263910234c0d5ec913ec79ca921152fe874b805a7bcaf67118ef71708e5d2", size = 243040, upload-time = "2025-06-11T23:22:48.147Z" },
    { url = "https://files.pythonhosted.org/packages/c7/e1/9495751d5315c3d76ee2c7b5dbc1935ab891d45ad585e1910a333dbdef43/coverage-7.9.0-cp313-cp313-musllinux_1_2_x86_64.whl", hash = "sha256:7d7b7425215963da8f5968096a20c5b5c9af4a86a950fcc25dcc2177ab33e9e5", size = 244424, upload-time = "2025-06-11T23:22:49.574Z" },
    { url = "https://files.pythonhosted.org/packages/94/2a/ee504188a586da2379939f37fdc69047d9c46d35c34d1196f2605974a17d/coverage-7.9.0-cp313-cp313-win32.whl", hash = "sha256:e7dcfa92867b0c53d2e22e985c66af946dc09e8bb13c556709e396e90a0adf5c", size = 214677, upload-time = "2025-06-11T23:22:51.394Z" },
    { url = "https://files.pythonhosted.org/packages/80/2b/5eab6518643c7560fe180ba5e0f35a0be3d4fc0a88aa6601120407b1fd03/coverage-7.9.0-cp313-cp313-win_amd64.whl", hash = "sha256:aa34ca040785a2b768da489df0c036364d47a6c1c00bdd8f662b98fd3277d3d4", size = 215482, upload-time = "2025-06-11T23:22:53.151Z" },
    { url = "https://files.pythonhosted.org/packages/fd/7f/9c9c8b736c4f40d7247bea8339afac40d8f6465491440608b3d73c10ffce/coverage-7.9.0-cp313-cp313-win_arm64.whl", hash = "sha256:9c5dcb5cd3c52d84c5f52045e1c87c16bf189c2fbfa57cc0d811a3b4059939df", size = 213852, upload-time = "2025-06-11T23:22:54.568Z" },
    { url = "https://files.pythonhosted.org/packages/e5/83/056464aec8b360dee6f4d7a517dc5ae5a9f462ff895ff536588b42f95b2d/coverage-7.9.0-cp313-cp313t-macosx_10_13_x86_64.whl", hash = "sha256:b52d2fdc1940f90c4572bd48211475a7b102f75a7f9a5e6cfc6e3da7dc380c44", size = 212994, upload-time = "2025-06-11T23:22:56.173Z" },
    { url = "https://files.pythonhosted.org/packages/a3/87/f0291ecaa6baaaedbd428cf8b7e1d16b5dc010718fe7739cce955149ef83/coverage-7.9.0-cp313-cp313t-macosx_11_0_arm64.whl", hash = "sha256:4cc555a3e6ceb8841df01a4634374f5f9635e661f5c307da00bce19819e8bcdf", size = 213212, upload-time = "2025-06-11T23:22:58.051Z" },
    { url = "https://files.pythonhosted.org/packages/16/a0/9eb39541774a5beb662dc4ae98fee23afb947414b6aa1443b53d2ad3ea05/coverage-7.9.0-cp313-cp313t-manylinux_2_17_aarch64.manylinux2014_aarch64.whl", hash = "sha256:244f613617876b7cd32a097788d49c952a8f1698afb25275b2a825a4e895854e", size = 256453, upload-time = "2025-06-11T23:22:59.485Z" },
    { url = "https://files.pythonhosted.org/packages/93/33/d0e99f4c809334dfed20f17234080a9003a713ddb80e33ad22697a8aa8e5/coverage-7.9.0-cp313-cp313t-manylinux_2_5_i686.manylinux1_i686.manylinux_2_17_i686.manylinux2014_i686.whl", hash = "sha256:5c335d77539e66bc6f83e8f1ef207d038129d9b9acd9dc9f0ca42fa9eedf564a", size = 252674, upload-time = "2025-06-11T23:23:00.984Z" },
    { url = "https://files.pythonhosted.org/packages/0b/3a/d2a64e7ee5eb783e44e6ca404f8fc2a45afef052ed6593afb4ce9663dae6/coverage-7.9.0-cp313-cp313t-manylinux_2_5_x86_64.manylinux1_x86_64.manylinux_2_17_x86_64.manylinux2014_x86_64.whl", hash = "sha256:6b335c7077c8da7bb8173d4f9ebd90ff1a97af6a6bec4fc4e6db4856ae80b31e", size = 254830, upload-time = "2025-06-11T23:23:02.445Z" },
    { url = "https://files.pythonhosted.org/packages/e2/6a/9de640f8e2b097d155532d1bc16eb9c5186fccc7c4b8148fe1dd2520875a/coverage-7.9.0-cp313-cp313t-musllinux_1_2_aarch64.whl", hash = "sha256:01cbc2c36895b7ab906514042c92b3fc9dd0526bf1c3251cb6aefd9c71ae6dda", size = 256060, upload-time = "2025-06-11T23:23:03.89Z" },
    { url = "https://files.pythonhosted.org/packages/07/72/928fa3583b9783fc32e3dfafb6cc0cf73bdd73d1dc41e3a973f203c6aeff/coverage-7.9.0-cp313-cp313t-musllinux_1_2_i686.whl", hash = "sha256:1ac62880a9dff0726a193ce77a1bcdd4e8491009cb3a0510d31381e8b2c46d7a", size = 254174, upload-time = "2025-06-11T23:23:05.366Z" },
    { url = "https://files.pythonhosted.org/packages/ad/01/2fd0785f8768693b748e36b442352bc26edf3391246eedcc80d480d06da1/coverage-7.9.0-cp313-cp313t-musllinux_1_2_x86_64.whl", hash = "sha256:95314eb306cf54af3d1147e27ba008cf78eed6f1309a1310772f4f05b12c9c65", size = 255011, upload-time = "2025-06-11T23:23:07.212Z" },
    { url = "https://files.pythonhosted.org/packages/b7/49/1d0120cfa24e001e0d38795388914183c48cd86fc8640ca3b01337831917/coverage-7.9.0-cp313-cp313t-win32.whl", hash = "sha256:c5cbf3ddfb68de8dc8ce33caa9321df27297a032aeaf2e99b278f183fb4ebc37", size = 215349, upload-time = "2025-06-11T23:23:09.037Z" },
    { url = "https://files.pythonhosted.org/packages/9f/48/7625c09621a206fff0b51fcbcf5d6c1162ab10a5ffa546fc132f01c9132b/coverage-7.9.0-cp313-cp313t-win_amd64.whl", hash = "sha256:e3ec9e1525eb7a0f89d31083539b398d921415d884e9f55400002a1e9fe0cf63", size = 216516, upload-time = "2025-06-11T23:23:11.083Z" },
    { url = "https://files.pythonhosted.org/packages/bb/50/048b55c34985c3aafcecb32cced3abc4291969bfd967dbcaed95cfc26b2a/coverage-7.9.0-cp313-cp313t-win_arm64.whl", hash = "sha256:a02efe6769f74245ce476e89db3d4e110db07b4c0c3d3f81728e2464bbbbcb8e", size = 214308, upload-time = "2025-06-11T23:23:12.522Z" },
    { url = "https://files.pythonhosted.org/packages/70/0d/534c1e35cb7688b5c40de93fcca07e3ddc0287659ff85cd376b1dd3f770f/coverage-7.9.0-py3-none-any.whl", hash = "sha256:79ea9a26b27c963cdf541e1eb9ac05311b012bc367d0e31816f1833b06c81c02", size = 203917, upload-time = "2025-06-11T23:23:32.413Z" },
]

[[package]]
name = "debugpy"
version = "1.8.14"
source = { registry = "https://pypi.org/simple" }
sdist = { url = "https://files.pythonhosted.org/packages/bd/75/087fe07d40f490a78782ff3b0a30e3968936854105487decdb33446d4b0e/debugpy-1.8.14.tar.gz", hash = "sha256:7cd287184318416850aa8b60ac90105837bb1e59531898c07569d197d2ed5322", size = 1641444, upload-time = "2025-04-10T19:46:10.981Z" }
wheels = [
    { url = "https://files.pythonhosted.org/packages/4d/e4/395c792b243f2367d84202dc33689aa3d910fb9826a7491ba20fc9e261f5/debugpy-1.8.14-cp313-cp313-macosx_14_0_universal2.whl", hash = "sha256:329a15d0660ee09fec6786acdb6e0443d595f64f5d096fc3e3ccf09a4259033f", size = 2485676, upload-time = "2025-04-10T19:46:32.96Z" },
    { url = "https://files.pythonhosted.org/packages/ba/f1/6f2ee3f991327ad9e4c2f8b82611a467052a0fb0e247390192580e89f7ff/debugpy-1.8.14-cp313-cp313-manylinux_2_5_x86_64.manylinux1_x86_64.manylinux_2_17_x86_64.manylinux2014_x86_64.whl", hash = "sha256:0f920c7f9af409d90f5fd26e313e119d908b0dd2952c2393cd3247a462331f15", size = 4217514, upload-time = "2025-04-10T19:46:34.336Z" },
    { url = "https://files.pythonhosted.org/packages/79/28/b9d146f8f2dc535c236ee09ad3e5ac899adb39d7a19b49f03ac95d216beb/debugpy-1.8.14-cp313-cp313-win32.whl", hash = "sha256:3784ec6e8600c66cbdd4ca2726c72d8ca781e94bce2f396cc606d458146f8f4e", size = 5254756, upload-time = "2025-04-10T19:46:36.199Z" },
    { url = "https://files.pythonhosted.org/packages/e0/62/a7b4a57013eac4ccaef6977966e6bec5c63906dd25a86e35f155952e29a1/debugpy-1.8.14-cp313-cp313-win_amd64.whl", hash = "sha256:684eaf43c95a3ec39a96f1f5195a7ff3d4144e4a18d69bb66beeb1a6de605d6e", size = 5297119, upload-time = "2025-04-10T19:46:38.141Z" },
    { url = "https://files.pythonhosted.org/packages/97/1a/481f33c37ee3ac8040d3d51fc4c4e4e7e61cb08b8bc8971d6032acc2279f/debugpy-1.8.14-py2.py3-none-any.whl", hash = "sha256:5cd9a579d553b6cb9759a7908a41988ee6280b961f24f63336835d9418216a20", size = 5256230, upload-time = "2025-04-10T19:46:54.077Z" },
]

[[package]]
name = "elementpath"
version = "5.0.1"
source = { registry = "https://pypi.org/simple" }
sdist = { url = "https://files.pythonhosted.org/packages/ea/3d/0be6a0e373ac54bd53ab6c3b0722de9752dbd62e19d3d4d0f3f70ecbb246/elementpath-5.0.1.tar.gz", hash = "sha256:d3e4807b7e38e190e382eefef93f35ce6f71adf63b33e3f01d0e11f22e5d5cc7", size = 363233, upload-time = "2025-05-11T16:01:20.425Z" }
wheels = [
    { url = "https://files.pythonhosted.org/packages/dd/09/fbd26adb51ccd29fa65798fe9bf6e8a73720e37e437ac2cf1d51133bd1f5/elementpath-5.0.1-py3-none-any.whl", hash = "sha256:334f796578d1d273e99838b6a731d265985ea9ab399e22b74ea1c3a3faa73c83", size = 245130, upload-time = "2025-05-11T16:01:16.615Z" },
]

[[package]]
name = "ttml-validator"
version = "0.1.0"
source = { editable = "." }
dependencies = [
    { name = "charset-normalizer" },
    { name = "xmlschema" },
]

[package.dev-dependencies]
dev = [
    { name = "coverage" },
    { name = "debugpy" },
]

[package.metadata]
requires-dist = [
    { name = "charset-normalizer", specifier = "==3.4.4" },
    { name = "xmlschema", specifier = "==4.2.0" },
]

[package.metadata.requires-dev]
dev = [
    { name = "coverage", specifier = ">=7.9.0" },
    { name = "debugpy", specifier = ">=1.8.14" },
]

[[package]]
name = "xmlschema"
version = "4.2.0"
source = { registry = "https://pypi.org/simple" }
dependencies = [
    { name = "elementpath" },
]
sdist = { url = "https://files.pythonhosted.org/packages/84/f8/33b43a53503d0892e7555d16c593cf001d5aaa5b0ad7d53c68098235805b/xmlschema-4.2.0.tar.gz", hash = "sha256:b1f88c53493b2e75471977cbf218d939b872d0c7046bb63d48cc219fa7e241b9", size = 643756, upload-time = "2025-10-14T09:19:32.253Z" }
wheels = [
    { url = "https://files.pythonhosted.org/packages/dc/1a/81ac398d35be848f3655893b6260f227b29ca6acf5c2674dc5ed9af63027/xmlschema-4.2.0-py3-none-any.whl", hash = "sha256:82d24a50eea5e7f2d603312813848cd66fddf8fa2b6730839c6aa3d66312e3b6", size = 467246, upload-time = "2025-10-14T09:19:28.359Z" },
]
